
Microsoft Visual Studio Solution File, Format Version 12.00
# Visual Studio Version 17
VisualStudioVersion = 17.0.31903.59
MinimumVisualStudioVersion = 10.0.40219.1
Project("{FAE04EC0-301F-11D3-BF4B-00C04F79EFBC}") = "Microservices", "WebApi\Microservices.csproj", "{1DD2FE22-4C88-4815-8FF2-5C763ED528C0}"
EndProject
Project("{FAE04EC0-301F-11D3-BF4B-00C04F79EFBC}") = "DoorsServices", "DoorsService\DoorsServices.csproj", "{4E16E10A-DA82-407E-9A60-00BE8401BA5F}"
EndProject
Project("{FAE04EC0-301F-11D3-BF4B-00C04F79EFBC}") = "ElevetorsServices", "ElevatorsService\ElevetorsServices.csproj", "{45AA1513-999E-45C9-B18A-D5737690200D}"
EndProject
Project("{FAE04EC0-301F-11D3-BF4B-00C04F79EFBC}") = "FrontEnd", "FrontEnd\FrontEnd.csproj", "{F71C94A1-96B4-4580-B203-B2AEB7659DEA}"
EndProject
Project("{FAE04EC0-301F-11D3-BF4B-00C04F79EFBC}") = "SmokeDetectorsService", "SmokeDetectorsService\SmokeDetectorsService.csproj", "{F3441E3A-93D8-4B47-A69E-DC4BE8EACC06}"
EndProject
Project("{FAE04EC0-301F-11D3-BF4B-00C04F79EFBC}") = "WebApi.Tests", "WebApi.Tests\WebApi.Tests.csproj", "{2EDC87C9-EFF2-4AA5-9D4B-E7CFDCB12764}"
EndProject
Global
	GlobalSection(SolutionConfigurationPlatforms) = preSolution
		Debug|Any CPU = Debug|Any CPU
		Debug|x64 = Debug|x64
		Debug|x86 = Debug|x86
		Release|Any CPU = Release|Any CPU
		Release|x64 = Release|x64
		Release|x86 = Release|x86
	EndGlobalSection
	GlobalSection(ProjectConfigurationPlatforms) = postSolution
		{1DD2FE22-4C88-4815-8FF2-5C763ED528C0}.Debug|Any CPU.ActiveCfg = Debug|Any CPU
		{1DD2FE22-4C88-4815-8FF2-5C763ED528C0}.Debug|Any CPU.Build.0 = Debug|Any CPU
		{1DD2FE22-4C88-4815-8FF2-5C763ED528C0}.Debug|x64.ActiveCfg = Debug|Any CPU
		{1DD2FE22-4C88-4815-8FF2-5C763ED528C0}.Debug|x64.Build.0 = Debug|Any CPU
		{1DD2FE22-4C88-4815-8FF2-5C763ED528C0}.Debug|x86.ActiveCfg = Debug|Any CPU
		{1DD2FE22-4C88-4815-8FF2-5C763ED528C0}.Debug|x86.Build.0 = Debug|Any CPU
		{1DD2FE22-4C88-4815-8FF2-5C763ED528C0}.Release|Any CPU.ActiveCfg = Release|Any CPU
		{1DD2FE22-4C88-4815-8FF2-5C763ED528C0}.Release|Any CPU.Build.0 = Release|Any CPU
		{1DD2FE22-4C88-4815-8FF2-5C763ED528C0}.Release|x64.ActiveCfg = Release|Any CPU
		{1DD2FE22-4C88-4815-8FF2-5C763ED528C0}.Release|x64.Build.0 = Release|Any CPU
		{1DD2FE22-4C88-4815-8FF2-5C763ED528C0}.Release|x86.ActiveCfg = Release|Any CPU
		{1DD2FE22-4C88-4815-8FF2-5C763ED528C0}.Release|x86.Build.0 = Release|Any CPU
		{4E16E10A-DA82-407E-9A60-00BE8401BA5F}.Debug|Any CPU.ActiveCfg = Debug|Any CPU
		{4E16E10A-DA82-407E-9A60-00BE8401BA5F}.Debug|Any CPU.Build.0 = Debug|Any CPU
		{4E16E10A-DA82-407E-9A60-00BE8401BA5F}.Debug|x64.ActiveCfg = Debug|Any CPU
		{4E16E10A-DA82-407E-9A60-00BE8401BA5F}.Debug|x64.Build.0 = Debug|Any CPU
		{4E16E10A-DA82-407E-9A60-00BE8401BA5F}.Debug|x86.ActiveCfg = Debug|Any CPU
		{4E16E10A-DA82-407E-9A60-00BE8401BA5F}.Debug|x86.Build.0 = Debug|Any CPU
		{4E16E10A-DA82-407E-9A60-00BE8401BA5F}.Release|Any CPU.ActiveCfg = Release|Any CPU
		{4E16E10A-DA82-407E-9A60-00BE8401BA5F}.Release|Any CPU.Build.0 = Release|Any CPU
		{4E16E10A-DA82-407E-9A60-00BE8401BA5F}.Release|x64.ActiveCfg = Release|Any CPU
		{4E16E10A-DA82-407E-9A60-00BE8401BA5F}.Release|x64.Build.0 = Release|Any CPU
		{4E16E10A-DA82-407E-9A60-00BE8401BA5F}.Release|x86.ActiveCfg = Release|Any CPU
		{4E16E10A-DA82-407E-9A60-00BE8401BA5F}.Release|x86.Build.0 = Release|Any CPU
		{45AA1513-999E-45C9-B18A-D5737690200D}.Debug|Any CPU.ActiveCfg = Debug|Any CPU
		{45AA1513-999E-45C9-B18A-D5737690200D}.Debug|Any CPU.Build.0 = Debug|Any CPU
		{45AA1513-999E-45C9-B18A-D5737690200D}.Debug|x64.ActiveCfg = Debug|Any CPU
		{45AA1513-999E-45C9-B18A-D5737690200D}.Debug|x64.Build.0 = Debug|Any CPU
		{45AA1513-999E-45C9-B18A-D5737690200D}.Debug|x86.ActiveCfg = Debug|Any CPU
		{45AA1513-999E-45C9-B18A-D5737690200D}.Debug|x86.Build.0 = Debug|Any CPU
		{45AA1513-999E-45C9-B18A-D5737690200D}.Release|Any CPU.ActiveCfg = Release|Any CPU
		{45AA1513-999E-45C9-B18A-D5737690200D}.Release|Any CPU.Build.0 = Release|Any CPU
		{45AA1513-999E-45C9-B18A-D5737690200D}.Release|x64.ActiveCfg = Release|Any CPU
		{45AA1513-999E-45C9-B18A-D5737690200D}.Release|x64.Build.0 = Release|Any CPU
		{45AA1513-999E-45C9-B18A-D5737690200D}.Release|x86.ActiveCfg = Release|Any CPU
		{45AA1513-999E-45C9-B18A-D5737690200D}.Release|x86.Build.0 = Release|Any CPU
		{F71C94A1-96B4-4580-B203-B2AEB7659DEA}.Debug|Any CPU.ActiveCfg = Debug|Any CPU
		{F71C94A1-96B4-4580-B203-B2AEB7659DEA}.Debug|Any CPU.Build.0 = Debug|Any CPU
		{F71C94A1-96B4-4580-B203-B2AEB7659DEA}.Debug|x64.ActiveCfg = Debug|Any CPU
		{F71C94A1-96B4-4580-B203-B2AEB7659DEA}.Debug|x64.Build.0 = Debug|Any CPU
		{F71C94A1-96B4-4580-B203-B2AEB7659DEA}.Debug|x86.ActiveCfg = Debug|Any CPU
		{F71C94A1-96B4-4580-B203-B2AEB7659DEA}.Debug|x86.Build.0 = Debug|Any CPU
		{F71C94A1-96B4-4580-B203-B2AEB7659DEA}.Release|Any CPU.ActiveCfg = Release|Any CPU
		{F71C94A1-96B4-4580-B203-B2AEB7659DEA}.Release|Any CPU.Build.0 = Release|Any CPU
		{F71C94A1-96B4-4580-B203-B2AEB7659DEA}.Release|x64.ActiveCfg = Release|Any CPU
		{F71C94A1-96B4-4580-B203-B2AEB7659DEA}.Release|x64.Build.0 = Release|Any CPU
		{F71C94A1-96B4-4580-B203-B2AEB7659DEA}.Release|x86.ActiveCfg = Release|Any CPU
		{F71C94A1-96B4-4580-B203-B2AEB7659DEA}.Release|x86.Build.0 = Release|Any CPU
		{F3441E3A-93D8-4B47-A69E-DC4BE8EACC06}.Debug|Any CPU.ActiveCfg = Debug|Any CPU
		{F3441E3A-93D8-4B47-A69E-DC4BE8EACC06}.Debug|Any CPU.Build.0 = Debug|Any CPU
		{F3441E3A-93D8-4B47-A69E-DC4BE8EACC06}.Debug|x64.ActiveCfg = Debug|Any CPU
		{F3441E3A-93D8-4B47-A69E-DC4BE8EACC06}.Debug|x64.Build.0 = Debug|Any CPU
		{F3441E3A-93D8-4B47-A69E-DC4BE8EACC06}.Debug|x86.ActiveCfg = Debug|Any CPU
		{F3441E3A-93D8-4B47-A69E-DC4BE8EACC06}.Debug|x86.Build.0 = Debug|Any CPU
		{F3441E3A-93D8-4B47-A69E-DC4BE8EACC06}.Release|Any CPU.ActiveCfg = Release|Any CPU
		{F3441E3A-93D8-4B47-A69E-DC4BE8EACC06}.Release|Any CPU.Build.0 = Release|Any CPU
		{F3441E3A-93D8-4B47-A69E-DC4BE8EACC06}.Release|x64.ActiveCfg = Release|Any CPU
		{F3441E3A-93D8-4B47-A69E-DC4BE8EACC06}.Release|x64.Build.0 = Release|Any CPU
		{F3441E3A-93D8-4B47-A69E-DC4BE8EACC06}.Release|x86.ActiveCfg = Release|Any CPU
		{F3441E3A-93D8-4B47-A69E-DC4BE8EACC06}.Release|x86.Build.0 = Release|Any CPU
		{2EDC87C9-EFF2-4AA5-9D4B-E7CFDCB12764}.Debug|Any CPU.ActiveCfg = Debug|Any CPU
		{2EDC87C9-EFF2-4AA5-9D4B-E7CFDCB12764}.Debug|Any CPU.Build.0 = Debug|Any CPU
		{2EDC87C9-EFF2-4AA5-9D4B-E7CFDCB12764}.Debug|x64.ActiveCfg = Debug|Any CPU
		{2EDC87C9-EFF2-4AA5-9D4B-E7CFDCB12764}.Debug|x64.Build.0 = Debug|Any CPU
		{2EDC87C9-EFF2-4AA5-9D4B-E7CFDCB12764}.Debug|x86.ActiveCfg = Debug|Any CPU
		{2EDC87C9-EFF2-4AA5-9D4B-E7CFDCB12764}.Debug|x86.Build.0 = Debug|Any CPU
		{2EDC87C9-EFF2-4AA5-9D4B-E7CFDCB12764}.Release|Any CPU.ActiveCfg = Release|Any CPU
		{2EDC87C9-EFF2-4AA5-9D4B-E7CFDCB12764}.Release|Any CPU.Build.0 = Release|Any CPU
		{2EDC87C9-EFF2-4AA5-9D4B-E7CFDCB12764}.Release|x64.ActiveCfg = Release|Any CPU
		{2EDC87C9-EFF2-4AA5-9D4B-E7CFDCB12764}.Release|x64.Build.0 = Release|Any CPU
		{2EDC87C9-EFF2-4AA5-9D4B-E7CFDCB12764}.Release|x86.ActiveCfg = Release|Any CPU
		{2EDC87C9-EFF2-4AA5-9D4B-E7CFDCB12764}.Release|x86.Build.0 = Release|Any CPU
	EndGlobalSection
	GlobalSection(SolutionProperties) = preSolution
		HideSolutionNode = FALSE
	EndGlobalSection
EndGlobal
